434539b9421b4ff5db2c6b22d46c929b5cb8ad5b1c1e1aa757ae322e492f2148  lib/ai-hwaccel.cyr
b1593105548307531c309458f9b701acae223eea8878cf1b2197f07fc260f591  lib/alloc.cyr
69e92cc4b67f1a936f94c92ce8a4c66673758b84dba385e96fbeaa46fa692b4c  lib/alloc_agnos.cyr
c3b7f80d39f39610f44bebf34ba8f31c82eb85b1a7b7ff5327ef5a81e4945889  lib/alloc_cx.cyr
03922b263b4a771d7104c6dcc30b4b029c6fe40ec93fec6a0ee38ec61f7e7dd8  lib/alloc_macos.cyr
6feb5ef16178a4da10e5cb1fa0ad91e94da8d0d64d76822ea818e70dba5c118e  lib/alloc_windows.cyr
ee03323e1b6ad279619fe630bb76d47b00aca6d198d508ea804f4b19d4f2b6fd  lib/args.cyr
27c9752b70e797b43d30204e5077749526144495ba7021b1272067f3236d81f9  lib/args_agnos.cyr
99f96283da419ad9f01d076269411c3d5214b6007a92d1bbe2356ab906a5d1a1  lib/args_macos.cyr
f7b9d52f29de6d3d633962ccc765a76637091a7256eebc1da5547530eed2c44b  lib/args_win.cyr
65b99d174e411037dc1662bea183fe4c67835760eda848063d352e590219d955  lib/assert.cyr
a31cbf049f4611a63fffbc022826d69b03d71b0a29b18bdb5ea00b6cd88823b8  lib/atomic.cyr
d4b6693389b9e024a9e569510c7ee363bc976b6aaf7093084a2cb756d0d1caf1  lib/bayan.cyr
5b68cbb944143fa110d8ddb587f7ed7092ba70cae08a8d16482a14f00b47694e  lib/bench.cyr
bcb81fae9cba3b8f13073c1d2b88a49bc7fe0ce8b95b69f2fa63a87f43f44161  lib/boxed.cyr
84f7f4d4d7de8da160f480d46ab2f75079468e98cdc3afb26974fcab6bde8ead  lib/callback.cyr
a31c4ac845116110004294e3eeacdcaf44cdce10d2c185d497b6089c3802e981  lib/chitra.cyr
a909b9724ff62b3902d541f1115b54295b277e373e9bfb9e2da345b23c631512  lib/dynlib.cyr
639aa6feb170319f983df4b39b827f29b26391b55de241c25e711f3880bce0a0  lib/flags.cyr
224c9d1685b2a0859abbc1a8a01bc5570660a3aaf90a7ccfb468e38d0cf3af5f  lib/fmt.cyr
2f9d210e9280506f280bbd10a7b26b76c7990360a97fb7701f348bfe76fbb291  lib/fnptr.cyr
812d57d8411be685c653ecc0d644bd8e6b366691ee78dee5518a446bafdb309f  lib/freelist.cyr
19ef7aca99dc58acebb8fcafb9961aeac2b09c720af03ce0e15bd8088319a30d  lib/fs.cyr
c7b3bf5beebddc082d4fa643a7113deaf26d0fd80dd5cd70ba0e3c21671107d0  lib/fs_win.cyr
7f04aa9bd8fbf24275d14698d46bfb8420af4f6cf4684c2001a821f0328246a9  lib/ganita.cyr
b34890c61d62738208106abb6d06f483819e2e01a7ac7899274542b05fdee2df  lib/hashmap.cyr
acbf37e24af05cfdd043733db630f2f4ab0a2b5bd984c111c381e271184329f1  lib/hashmap_fast.cyr
920daeb96fca4aac103d39bd74bd8d2120e58205788fedaff0cbb353b1ab8a9d  lib/hashseed.cyr
d4f85abe60645e6594a68de09bced0a0ca9ca6be02056c875182a05e5c582973  lib/hisab.cyr
c44b0a94507a05b190b6592e3b77692a51b39d6ee483344f8ebbe421072ec669  lib/io.cyr
61f4eb2d4cd4ec6824ee76de2736301ac44848c5783e3a5e2d4a1798d48a32f7  lib/mabda.cyr
b54450112445e187ac2e56901ad86e27133199b16534129955d23fd7ceda4bd8  lib/math.cyr
18c4b2c680e33d42cd2c294c18cfa2251f10a5ad32fc67a939fd3fce86141570  lib/mmap.cyr
7dcd9e79de04c538ed4feee3e9f5f7fdf3f4b3b7c8907582a5d798726a881815  lib/prakash.cyr
02901646f659ab56893ae7df87d0e80be0f07e56e3b5249994aef9aa4879273a  lib/process.cyr
3ba078bd7edbe94fb35842af051dcadd67ea31c85364ef93f4a64f29d0ae455d  lib/process_agnos.cyr
8fc5eb6332d07d410850ed8bc31f9387ed51886d506ef9f6f8c79d848dbd58d2  lib/process_win.cyr
66f2a7e4a5523da13da19c94d5d6d5ac14635fbba10c3bc4f950241a3b26cd10  lib/result.cyr
6027b62a4c17484637db4e5da5a7ae6dceed923db1ec28312ebf1c4c619dcec1  lib/sakshi.cyr
e87e39f4d6a93c40d8843d55c521eed71a83678f526013d0e9bbc75e1252e2d5  lib/samvada.cyr
c5146f1c973c6daa27174993859979430bd571cac1a224780ac21553aa71f523  lib/sankoch.cyr
423df382657ade61d0ce642a8dd69c0f6a10e432517042eed4b2ad45bc833f4f  lib/simd.cyr
25f840dbf3a90b983c72afb33416b233d511cbc3298e768cd912bfa325204755  lib/slice.cyr
0176f2a450ab48b902e3b62112b913d1e2045467ddfe56ceba4339bd68e46967  lib/str.cyr
cf6d59104caf9904342400eba0df08b6c19f2124a446f5fab27b543df9b9b222  lib/string.cyr
60e1dc88ea44d15715d400a5dbb7d6374f9a0915f709c777681eca1958f30978  lib/sync.cyr
b204b05d2f0ee90477d5ca5bd22c339188719ef1eacb05ad6e65e092a1536572  lib/sync_macos.cyr
af3dc72c3e2d0f94ea4d4a6bdeb60963cd36e7849b7ccf06299bf5c616de7100  lib/sync_windows.cyr
8360ef6cfc3d615a0d7f6b9b2a2475f0fa586df095b7d73851401a8d0a9b16be  lib/syscalls.cyr
b0c1e8c27864f8593086b820ef33d4dcec356a281f31068042fafc53995ac816  lib/syscalls_aarch64_linux.cyr
79d5455618f4c96b09f5fd979ecc21cb1bc06fcfe0744e9e34a5ee025163ed3b  lib/syscalls_linux_common.cyr
50bcc2e0a75e1732a80212d0daed861eb7e97e3bdbe2e170b5520d597dab8fbc  lib/syscalls_macos.cyr
bee8952b062aca1cb80a077a9e7f391d2a450fb61c17bde1d73450dba90c105a  lib/syscalls_windows.cyr
db27a01437cdd93112ea90709fb753a774feb2f891ae48fd9cc3c9403f649ee4  lib/syscalls_x86_64_agnos.cyr
12d6e4875deb035a0167222d71193d67a8c68ece8f08216f8ac959bd384e5e64  lib/syscalls_x86_64_linux.cyr
30def7b0a8f770a2d66efeffd953aa4bf3f2b902207fec9104b569acdc6315b1  lib/tagged.cyr
ec4994938f70b6d5d53435c34aca7811523856fbd8b4873b24ed3ea8114c98f6  lib/thread.cyr
6cd0930d2faf71c5f48835eca206b4d5b26bf7d81bced0b4f37a2a339fd075e3  lib/thread_agnos.cyr
2d21c08acf5786ddb5a07eedf4b1d49029ae7adefe86de7a22f97084e36dc3ff  lib/thread_local.cyr
28adc0d018577a1c21b40e088991d5a76e6c4cc367346e00f7cab7f719a6f50b  lib/thread_macos.cyr
494bb8c5265955e80c87af63b79e4227cb989ad332337d0605ef66578cddf025  lib/thread_win.cyr
802a6a65421c1c0499b137069812e8f158c9779a574da4fb5948cca382306abe  lib/vec.cyr
cyrius	6.6.9
